Microsoft Visual Studio Solution File, Format Version 12.00
# Visual Studio Version 17
VisualStudioVersion = 17.5.2.0
MinimumVisualStudioVersion = 10.0.40219.1
Project("{FAE04EC0-301F-11D3-BF4B-00C04F79EFBC}") = "PartsClient", "PartsClient.csproj", "{4E926E92-EBFC-26E8-8C98-F71A94F2CBA6}"
EndProject
Global
	GlobalSection(SolutionConfigurationPlatforms) = preSolution
		Debug|Any CPU = Debug|Any CPU
		Release|Any CPU = Release|Any CPU
	EndGlobalSection
	GlobalSection(ProjectConfigurationPlatforms) = postSolution
		{4E926E92-EBFC-26E8-8C98-F71A94F2CBA6}.Debug|Any CPU.ActiveCfg = Debug|Any CPU
		{4E926E92-EBFC-26E8-8C98-F71A94F2CBA6}.Debug|Any CPU.Build.0 = Debug|Any CPU
		{4E926E92-EBFC-26E8-8C98-F71A94F2CBA6}.Release|Any CPU.ActiveCfg = Release|Any CPU
		{4E926E92-EBFC-26E8-8C98-F71A94F2CBA6}.Release|Any CPU.Build.0 = Release|Any CPU
	EndGlobalSection
	GlobalSection(SolutionProperties) = preSolution
		HideSolutionNode = FALSE
	EndGlobalSection
	GlobalSection(ExtensibilityGlobals) = postSolution
		SolutionGuid = {0DF4A281-46E5-4462-9260-856329957FA9}
	EndGlobalSection
EndGlobal
